
Microsoft Visual Studio Solution File, Format Version 12.00
# Visual Studio Version 16
VisualStudioVersion = 16.0.29209.62
MinimumVisualStudioVersion = 10.0.40219.1
Project("{FAE04EC0-301F-11D3-BF4B-00C04F79EFBC}") = "ContactDetails", "ContactDetails.csproj", "{4170EAE5-9CF2-4E8D-9FB7-E2A1E6F4B1AB}"
EndProject
Global
	GlobalSection(SolutionConfigurationPlatforms) = preSolution
		Debug|Any CPU = Debug|Any CPU
		Release|Any CPU = Release|Any CPU
	EndGlobalSection
	GlobalSection(ProjectConfigurationPlatforms) = postSolution
		{4170EAE5-9CF2-4E8D-9FB7-E2A1E6F4B1AB}.Debug|Any CPU.ActiveCfg = Debug|Any CPU
		{4170EAE5-9CF2-4E8D-9FB7-E2A1E6F4B1AB}.Debug|Any CPU.Build.0 = Debug|Any CPU
		{4170EAE5-9CF2-4E8D-9FB7-E2A1E6F4B1AB}.Release|Any CPU.ActiveCfg = Release|Any CPU
		{4170EAE5-9CF2-4E8D-9FB7-E2A1E6F4B1AB}.Release|Any CPU.Build.0 = Release|Any CPU
	EndGlobalSection
	GlobalSection(SolutionProperties) = preSolution
		HideSolutionNode = FALSE
	EndGlobalSection
	GlobalSection(ExtensibilityGlobals) = postSolution
		SolutionGuid = {B1F88B5D-3F06-483B-BA61-AC1DC6FA2C55}
	EndGlobalSection
EndGlobal
